
Microsoft Visual Studio Solution File, Format Version 12.00
# Visual Studio Version 16
VisualStudioVersion = 16.0.30621.155
MinimumVisualStudioVersion = 10.0.40219.1
Project("{FAE04EC0-301F-11D3-BF4B-00C04F79EFBC}") = "password generation", "password generation.csproj", "{90FB8E65-48E6-4E9E-B40B-C097F173C4AD}"
EndProject
Project("{54435603-DBB4-11D2-8724-00A0C9A8B90C}") = "Setup", "..\Setup\Setup.vdproj", "{4E646CF3-01F1-4706-BA42-F3D62874A357}"
EndProject
Global
	GlobalSection(SolutionConfigurationPlatforms) = preSolution
		Debug|Any CPU = Debug|Any CPU
		Release|Any CPU = Release|Any CPU
	EndGlobalSection
	GlobalSection(ProjectConfigurationPlatforms) = postSolution
		{90FB8E65-48E6-4E9E-B40B-C097F173C4AD}.Debug|Any CPU.ActiveCfg = Release|Any CPU
		{90FB8E65-48E6-4E9E-B40B-C097F173C4AD}.Debug|Any CPU.Build.0 = Release|Any CPU
		{90FB8E65-48E6-4E9E-B40B-C097F173C4AD}.Release|Any CPU.ActiveCfg = Release|Any CPU
		{90FB8E65-48E6-4E9E-B40B-C097F173C4AD}.Release|Any CPU.Build.0 = Release|Any CPU
		{4E646CF3-01F1-4706-BA42-F3D62874A357}.Debug|Any CPU.ActiveCfg = Debug
		{4E646CF3-01F1-4706-BA42-F3D62874A357}.Release|Any CPU.ActiveCfg = Release
	EndGlobalSection
	GlobalSection(SolutionProperties) = preSolution
		HideSolutionNode = FALSE
	EndGlobalSection
	GlobalSection(ExtensibilityGlobals) = postSolution
		SolutionGuid = {CC68797C-E368-495B-ABBB-A5155ED44085}
	EndGlobalSection
EndGlobal
